
Microsoft Visual Studio Solution File, Format Version 12.00
# Visual Studio Version 17
VisualStudioVersion = 17.1.32210.238
MinimumVisualStudioVersion = 10.0.40219.1
Project("{FAE04EC0-301F-11D3-BF4B-00C04F79EFBC}") = "Line Comparison", "Line Comparison\Line Comparison.csproj", "{78AA504B-3949-4589-8AB6-6D9A36531AA5}"
EndProject
Global
	GlobalSection(SolutionConfigurationPlatforms) = preSolution
		Debug|Any CPU = Debug|Any CPU
		Release|Any CPU = Release|Any CPU
	EndGlobalSection
	GlobalSection(ProjectConfigurationPlatforms) = postSolution
		{78AA504B-3949-4589-8AB6-6D9A36531AA5}.Debug|Any CPU.ActiveCfg = Debug|Any CPU
		{78AA504B-3949-4589-8AB6-6D9A36531AA5}.Debug|Any CPU.Build.0 = Debug|Any CPU
		{78AA504B-3949-4589-8AB6-6D9A36531AA5}.Release|Any CPU.ActiveCfg = Release|Any CPU
		{78AA504B-3949-4589-8AB6-6D9A36531AA5}.Release|Any CPU.Build.0 = Release|Any CPU
	EndGlobalSection
	GlobalSection(SolutionProperties) = preSolution
		HideSolutionNode = FALSE
	EndGlobalSection
	GlobalSection(ExtensibilityGlobals) = postSolution
		SolutionGuid = {64476C75-A209-4B6E-9639-BAACA83D1DFF}
	EndGlobalSection
EndGlobal
